// !$*UTF8*$!
{
	archiveVersion = 1;
	classes = {
	};
	objectVersion = 50;
	objects = {

/* Begin PBXBuildFile section */
		46AB48617788F44DEC4F7214 /* Pods_CleanSwiftTests.framework in Frameworks */ = {isa = PBXBuildFile; fileRef = 87782BFE574A279149FBAF6E /* Pods_CleanSwiftTests.framework */; };
		48199C7222C8E6F400DAAE0B /* AppDelegate.swift in Sources */ = {isa = PBXBuildFile; fileRef = 48199C7122C8E6F400DAAE0B /* AppDelegate.swift */; };
		48199C7722C8E6F400DAAE0B /* UserList.storyboard in Resources */ = {isa = PBXBuildFile; fileRef = 48199C7522C8E6F400DAAE0B /* UserList.storyboard */; };
		48199C7922C8E6F800DAAE0B /* Assets.xcassets in Resources */ = {isa = PBXBuildFile; fileRef = 48199C7822C8E6F800DAAE0B /* Assets.xcassets */; };
		48199C7C22C8E6F800DAAE0B /* LaunchScreen.storyboard in Resources */ = {isa = PBXBuildFile; fileRef = 48199C7A22C8E6F800DAAE0B /* LaunchScreen.storyboard */; };
		48199C8722C8E6F800DAAE0B /* CleanSwiftTests.swift in Sources */ = {isa = PBXBuildFile; fileRef = 48199C8622C8E6F800DAAE0B /* CleanSwiftTests.swift */; };
		48684C1122C8EBF600E17376 /* README.md in Resources */ = {isa = PBXBuildFile; fileRef = 48684C1022C8EBF600E17376 /* README.md */; };
		48684C1922C8F0CD00E17376 /* UserListPresenter.swift in Sources */ = {isa = PBXBuildFile; fileRef = 48684C1322C8F0CD00E17376 /* UserListPresenter.swift */; };
		48684C1A22C8F0CD00E17376 /* UserListWorker.swift in Sources */ = {isa = PBXBuildFile; fileRef = 48684C1422C8F0CD00E17376 /* UserListWorker.swift */; };
		48684C1B22C8F0CD00E17376 /* UserListRouter.swift in Sources */ = {isa = PBXBuildFile; fileRef = 48684C1522C8F0CD00E17376 /* UserListRouter.swift */; };
		48684C1C22C8F0CD00E17376 /* UserListModels.swift in Sources */ = {isa = PBXBuildFile; fileRef = 48684C1622C8F0CD00E17376 /* UserListModels.swift */; };
		48684C1D22C8F0CD00E17376 /* UserListViewController.swift in Sources */ = {isa = PBXBuildFile; fileRef = 48684C1722C8F0CD00E17376 /* UserListViewController.swift */; };
		48684C1E22C8F0CD00E17376 /* UserListInteractor.swift in Sources */ = {isa = PBXBuildFile; fileRef = 48684C1822C8F0CD00E17376 /* UserListInteractor.swift */; };
		48684C2622C8F0F500E17376 /* UserDetailPresenter.swift in Sources */ = {isa = PBXBuildFile; fileRef = 48684C2022C8F0F500E17376 /* UserDetailPresenter.swift */; };
		48684C2722C8F0F500E17376 /* UserDetailWorker.swift in Sources */ = {isa = PBXBuildFile; fileRef = 48684C2122C8F0F500E17376 /* UserDetailWorker.swift */; };
		48684C2822C8F0F500E17376 /* UserDetailRouter.swift in Sources */ = {isa = PBXBuildFile; fileRef = 48684C2222C8F0F500E17376 /* UserDetailRouter.swift */; };
		48684C2922C8F0F500E17376 /* UserDetailModels.swift in Sources */ = {isa = PBXBuildFile; fileRef = 48684C2322C8F0F500E17376 /* UserDetailModels.swift */; };
		48684C2A22C8F0F500E17376 /* UserDetailViewController.swift in Sources */ = {isa = PBXBuildFile; fileRef = 48684C2422C8F0F500E17376 /* UserDetailViewController.swift */; };
		48684C2B22C8F0F500E17376 /* UserDetailInteractor.swift in Sources */ = {isa = PBXBuildFile; fileRef = 48684C2522C8F0F500E17376 /* UserDetailInteractor.swift */; };
		48684C3022CA157800E17376 /* NetworkManager.swift in Sources */ = {isa = PBXBuildFile; fileRef = 48684C2F22CA157800E17376 /* NetworkManager.swift */; };
		48684C3422CA16CD00E17376 /* UserDetail.storyboard in Resources */ = {isa = PBXBuildFile; fileRef = 48684C3322CA16CD00E17376 /* UserDetail.storyboard */; };
		48684C3722CA192400E17376 /* User.swift in Sources */ = {isa = PBXBuildFile; fileRef = 48684C3622CA192400E17376 /* User.swift */; };
		48684C3922CA271800E17376 /* EndpointConstants.swift in Sources */ = {isa = PBXBuildFile; fileRef = 48684C3822CA271800E17376 /* EndpointConstants.swift */; };
		48684C3C22CA295E00E17376 /* DictionaryExtensions.swift in Sources */ = {isa = PBXBuildFile; fileRef = 48684C3B22CA295E00E17376 /* DictionaryExtensions.swift */; };
		48684C3F22CA2BCD00E17376 /* NetworkManager.swift in Sources */ = {isa = PBXBuildFile; fileRef = 48684C2F22CA157800E17376 /* NetworkManager.swift */; };
		48684C4022CA2C7E00E17376 /* User.swift in Sources */ = {isa = PBXBuildFile; fileRef = 48684C3622CA192400E17376 /* User.swift */; };
		48684C4122CA2C8200E17376 /* EndpointConstants.swift in Sources */ = {isa = PBXBuildFile; fileRef = 48684C3822CA271800E17376 /* EndpointConstants.swift */; };
		48684C4522CA415200E17376 /* Location.swift in Sources */ = {isa = PBXBuildFile; fileRef = 48684C4422CA415200E17376 /* Location.swift */; };
		48684C4722CA46D400E17376 /* UserResponse.swift in Sources */ = {isa = PBXBuildFile; fileRef = 48684C4622CA46D400E17376 /* UserResponse.swift */; };
		48684C4922CA476E00E17376 /* NetworkManagerTest.swift in Sources */ = {isa = PBXBuildFile; fileRef = 48684C4822CA476E00E17376 /* NetworkManagerTest.swift */; };
		48684C4A22CA47BC00E17376 /* UserResponse.swift in Sources */ = {isa = PBXBuildFile; fileRef = 48684C4622CA46D400E17376 /* UserResponse.swift */; };
		48684C4B22CA47C000E17376 /* Location.swift in Sources */ = {isa = PBXBuildFile; fileRef = 48684C4422CA415200E17376 /* Location.swift */; };
		48684C4E22CA508800E17376 /* UserListTableViewCell.swift in Sources */ = {isa = PBXBuildFile; fileRef = 48684C4D22CA508800E17376 /* UserListTableViewCell.swift */; };
		48684C5022CA84BD00E17376 /* SequenceExtensions.swift in Sources */ = {isa = PBXBuildFile; fileRef = 48684C4F22CA84BD00E17376 /* SequenceExtensions.swift */; };
		48684C5222CA885500E17376 /* UniqueElementsTest.swift in Sources */ = {isa = PBXBuildFile; fileRef = 48684C5122CA885500E17376 /* UniqueElementsTest.swift */; };
		48684C5322CA89B100E17376 /* SequenceExtensions.swift in Sources */ = {isa = PBXBuildFile; fileRef = 48684C4F22CA84BD00E17376 /* SequenceExtensions.swift */; };
		48684C5622CC068200E17376 /* UserListWorker.swift in Sources */ = {isa = PBXBuildFile; fileRef = 48684C1422C8F0CD00E17376 /* UserListWorker.swift */; };
		48684C5D22CC06C100E17376 /* UserListWorkerTests.swift in Sources */ = {isa = PBXBuildFile; fileRef = 48684C5922CC06C100E17376 /* UserListWorkerTests.swift */; };
		48684C6022CC0F2B00E17376 /* MockResponse.swift in Sources */ = {isa = PBXBuildFile; fileRef = 48684C5F22CC0F2B00E17376 /* MockResponse.swift */; };
		4E60DBC0CFACA13911593C74 /* Pods_CleanSwift.framework in Frameworks */ = {isa = PBXBuildFile; fileRef = E255BEB8553889B5ACD4A201 /* Pods_CleanSwift.framework */; };
/* End PBXBuildFile section */

/* Begin PBXContainerItemProxy section */
		48199C8322C8E6F800DAAE0B /* PBXContainerItemProxy */ = {
			isa = PBXContainerItemProxy;
			containerPortal = 48199C6622C8E6F400DAAE0B /* Project object */;
			proxyType = 1;
			remoteGlobalIDString = 48199C6D22C8E6F400DAAE0B;
			remoteInfo = CleanSwift;
		};
/* End PBXContainerItemProxy section */

/* Begin PBXFileReference section */
		0D3DC98AED9E84DDB52B4C3E /* Pods-CleanSwift.release.xcconfig */ = {isa = PBXFileReference; includeInIndex = 1; lastKnownFileType = text.xcconfig; name = "Pods-CleanSwift.release.xcconfig"; path = "Target Support Files/Pods-CleanSwift/Pods-CleanSwift.release.xcconfig"; sourceTree = "<group>"; };
		48199C6E22C8E6F400DAAE0B /* CleanSwift.app */ = {isa = PBXFileReference; explicitFileType = wrapper.application; includeInIndex = 0; path = CleanSwift.app; sourceTree = BUILT_PRODUCTS_DIR; };
		48199C7122C8E6F400DAAE0B /* AppDelegate.swift */ = {isa = PBXFileReference; lastKnownFileType = sourcecode.swift; path = AppDelegate.swift; sourceTree = "<group>"; };
		48199C7622C8E6F400DAAE0B /* Base */ = {isa = PBXFileReference; lastKnownFileType = file.storyboard; name = Base; path = Base.lproj/UserList.storyboard; sourceTree = "<group>"; };
		48199C7822C8E6F800DAAE0B /* Assets.xcassets */ = {isa = PBXFileReference; lastKnownFileType = folder.assetcatalog; path = Assets.xcassets; sourceTree = "<group>"; };
		48199C7B22C8E6F800DAAE0B /* Base */ = {isa = PBXFileReference; lastKnownFileType = file.storyboard; name = Base; path = Base.lproj/LaunchScreen.storyboard; sourceTree = "<group>"; };
		48199C7D22C8E6F800DAAE0B /* Info.plist */ = {isa = PBXFileReference; lastKnownFileType = text.plist.xml; path = Info.plist; sourceTree = "<group>"; };
		48199C8222C8E6F800DAAE0B /* CleanSwiftTests.xctest */ = {isa = PBXFileReference; explicitFileType = wrapper.cfbundle; includeInIndex = 0; path = CleanSwiftTests.xctest; sourceTree = BUILT_PRODUCTS_DIR; };
		48199C8622C8E6F800DAAE0B /* CleanSwiftTests.swift */ = {isa = PBXFileReference; lastKnownFileType = sourcecode.swift; path = CleanSwiftTests.swift; sourceTree = "<group>"; };
		48199C8822C8E6F800DAAE0B /* Info.plist */ = {isa = PBXFileReference; lastKnownFileType = text.plist.xml; path = Info.plist; sourceTree = "<group>"; };
		48684C1022C8EBF600E17376 /* README.md */ = {isa = PBXFileReference; fileEncoding = 4; lastKnownFileType = net.daringfireball.markdown; path = README.md; sourceTree = "<group>"; };
		48684C1322C8F0CD00E17376 /* UserListPresenter.swift */ = {isa = PBXFileReference; lastKnownFileType = sourcecode.swift; path = UserListPresenter.swift; sourceTree = "<group>"; };
		48684C1422C8F0CD00E17376 /* UserListWorker.swift */ = {isa = PBXFileReference; lastKnownFileType = sourcecode.swift; path = UserListWorker.swift; sourceTree = "<group>"; };
		48684C1522C8F0CD00E17376 /* UserListRouter.swift */ = {isa = PBXFileReference; lastKnownFileType = sourcecode.swift; path = UserListRouter.swift; sourceTree = "<group>"; };
		48684C1622C8F0CD00E17376 /* UserListModels.swift */ = {isa = PBXFileReference; lastKnownFileType = sourcecode.swift; path = UserListModels.swift; sourceTree = "<group>"; };
		48684C1722C8F0CD00E17376 /* UserListViewController.swift */ = {isa = PBXFileReference; lastKnownFileType = sourcecode.swift; path = UserListViewController.swift; sourceTree = "<group>"; };
		48684C1822C8F0CD00E17376 /* UserListInteractor.swift */ = {isa = PBXFileReference; lastKnownFileType = sourcecode.swift; path = UserListInteractor.swift; sourceTree = "<group>"; };
		48684C2022C8F0F500E17376 /* UserDetailPresenter.swift */ = {isa = PBXFileReference; lastKnownFileType = sourcecode.swift; path = UserDetailPresenter.swift; sourceTree = "<group>"; };
		48684C2122C8F0F500E17376 /* UserDetailWorker.swift */ = {isa = PBXFileReference; lastKnownFileType = sourcecode.swift; path = UserDetailWorker.swift; sourceTree = "<group>"; };
		48684C2222C8F0F500E17376 /* UserDetailRouter.swift */ = {isa = PBXFileReference; lastKnownFileType = sourcecode.swift; path = UserDetailRouter.swift; sourceTree = "<group>"; };
		48684C2322C8F0F500E17376 /* UserDetailModels.swift */ = {isa = PBXFileReference; lastKnownFileType = sourcecode.swift; path = UserDetailModels.swift; sourceTree = "<group>"; };
		48684C2422C8F0F500E17376 /* UserDetailViewController.swift */ = {isa = PBXFileReference; lastKnownFileType = sourcecode.swift; path = UserDetailViewController.swift; sourceTree = "<group>"; };
		48684C2522C8F0F500E17376 /* UserDetailInteractor.swift */ = {isa = PBXFileReference; lastKnownFileType = sourcecode.swift; path = UserDetailInteractor.swift; sourceTree = "<group>"; };
		48684C2F22CA157800E17376 /* NetworkManager.swift */ = {isa = PBXFileReference; lastKnownFileType = sourcecode.swift; path = NetworkManager.swift; sourceTree = "<group>"; };
		48684C3322CA16CD00E17376 /* UserDetail.storyboard */ = {isa = PBXFileReference; lastKnownFileType = file.storyboard; path = UserDetail.storyboard; sourceTree = "<group>"; };
		48684C3622CA192400E17376 /* User.swift */ = {isa = PBXFileReference; lastKnownFileType = sourcecode.swift; path = User.swift; sourceTree = "<group>"; };
		48684C3822CA271800E17376 /* EndpointConstants.swift */ = {isa = PBXFileReference; lastKnownFileType = sourcecode.swift; path = EndpointConstants.swift; sourceTree = "<group>"; };
		48684C3B22CA295E00E17376 /* DictionaryExtensions.swift */ = {isa = PBXFileReference; lastKnownFileType = sourcecode.swift; path = DictionaryExtensions.swift; sourceTree = "<group>"; };
		48684C4422CA415200E17376 /* Location.swift */ = {isa = PBXFileReference; lastKnownFileType = sourcecode.swift; path = Location.swift; sourceTree = "<group>"; };
		48684C4622CA46D400E17376 /* UserResponse.swift */ = {isa = PBXFileReference; lastKnownFileType = sourcecode.swift; path = UserResponse.swift; sourceTree = "<group>"; };
		48684C4822CA476E00E17376 /* NetworkManagerTest.swift */ = {isa = PBXFileReference; lastKnownFileType = sourcecode.swift; path = NetworkManagerTest.swift; sourceTree = "<group>"; };
		48684C4D22CA508800E17376 /* UserListTableViewCell.swift */ = {isa = PBXFileReference; lastKnownFileType = sourcecode.swift; path = UserListTableViewCell.swift; sourceTree = "<group>"; };
		48684C4F22CA84BD00E17376 /* SequenceExtensions.swift */ = {isa = PBXFileReference; lastKnownFileType = sourcecode.swift; path = SequenceExtensions.swift; sourceTree = "<group>"; };
		48684C5122CA885500E17376 /* UniqueElementsTest.swift */ = {isa = PBXFileReference; lastKnownFileType = sourcecode.swift; path = UniqueElementsTest.swift; sourceTree = "<group>"; };
		48684C5922CC06C100E17376 /* UserListWorkerTests.swift */ = {isa = PBXFileReference; lastKnownFileType = sourcecode.swift; path = UserListWorkerTests.swift; sourceTree = "<group>"; };
		48684C5F22CC0F2B00E17376 /* MockResponse.swift */ = {isa = PBXFileReference; lastKnownFileType = sourcecode.swift; path = MockResponse.swift; sourceTree = "<group>"; };
		6650DC86DE43A45D8111FC4E /* Pods-CleanSwift.debug.xcconfig */ = {isa = PBXFileReference; includeInIndex = 1; lastKnownFileType = text.xcconfig; name = "Pods-CleanSwift.debug.xcconfig"; path = "Target Support Files/Pods-CleanSwift/Pods-CleanSwift.debug.xcconfig"; sourceTree = "<group>"; };
		682DA60B976489F46656B086 /* Pods-CleanSwiftTests.debug.xcconfig */ = {isa = PBXFileReference; includeInIndex = 1; lastKnownFileType = text.xcconfig; name = "Pods-CleanSwiftTests.debug.xcconfig"; path = "Target Support Files/Pods-CleanSwiftTests/Pods-CleanSwiftTests.debug.xcconfig"; sourceTree = "<group>"; };
		773CBBBCACE38C264460122B /* Pods-CleanSwiftUITests.release.xcconfig */ = {isa = PBXFileReference; includeInIndex = 1; lastKnownFileType = text.xcconfig; name = "Pods-CleanSwiftUITests.release.xcconfig"; path = "Target Support Files/Pods-CleanSwiftUITests/Pods-CleanSwiftUITests.release.xcconfig"; sourceTree = "<group>"; };
		807DC1AC06E32AC5D05083AB /* Pods_CleanSwiftUITests.framework */ = {isa = PBXFileReference; explicitFileType = wrapper.framework; includeInIndex = 0; path = Pods_CleanSwiftUITests.framework; sourceTree = BUILT_PRODUCTS_DIR; };
		87782BFE574A279149FBAF6E /* Pods_CleanSwiftTests.framework */ = {isa = PBXFileReference; explicitFileType = wrapper.framework; includeInIndex = 0; path = Pods_CleanSwiftTests.framework; sourceTree = BUILT_PRODUCTS_DIR; };
		A15B2898DAA7EB840B1563CF /* Pods-CleanSwiftUITests.debug.xcconfig */ = {isa = PBXFileReference; includeInIndex = 1; lastKnownFileType = text.xcconfig; name = "Pods-CleanSwiftUITests.debug.xcconfig"; path = "Target Support Files/Pods-CleanSwiftUITests/Pods-CleanSwiftUITests.debug.xcconfig"; sourceTree = "<group>"; };
		E255BEB8553889B5ACD4A201 /* Pods_CleanSwift.framework */ = {isa = PBXFileReference; explicitFileType = wrapper.framework; includeInIndex = 0; path = Pods_CleanSwift.framework; sourceTree = BUILT_PRODUCTS_DIR; };
		E87EADD2E7A97A917F04F8C1 /* Pods-CleanSwiftTests.release.xcconfig */ = {isa = PBXFileReference; includeInIndex = 1; lastKnownFileType = text.xcconfig; name = "Pods-CleanSwiftTests.release.xcconfig"; path = "Target Support Files/Pods-CleanSwiftTests/Pods-CleanSwiftTests.release.xcconfig"; sourceTree = "<group>"; };
/* End PBXFileReference section */

/* Begin PBXFrameworksBuildPhase section */
		48199C6B22C8E6F400DAAE0B /* Frameworks */ = {
			isa = PBXFrameworksBuildPhase;
			buildActionMask = 2147483647;
			files = (
				4E60DBC0CFACA13911593C74 /* Pods_CleanSwift.framework in Frameworks */,
			);
			runOnlyForDeploymentPostprocessing = 0;
		};
		48199C7F22C8E6F800DAAE0B /* Frameworks */ = {
			isa = PBXFrameworksBuildPhase;
			buildActionMask = 2147483647;
			files = (
				46AB48617788F44DEC4F7214 /* Pods_CleanSwiftTests.framework in Frameworks */,
			);
			runOnlyForDeploymentPostprocessing = 0;
		};
/* End PBXFrameworksBuildPhase section */

/* Begin PBXGroup section */
		2A9DAEEA9876B6FDE33E25F4 /* Pods */ = {
			isa = PBXGroup;
			children = (
				6650DC86DE43A45D8111FC4E /* Pods-CleanSwift.debug.xcconfig */,
				0D3DC98AED9E84DDB52B4C3E /* Pods-CleanSwift.release.xcconfig */,
				682DA60B976489F46656B086 /* Pods-CleanSwiftTests.debug.xcconfig */,
				E87EADD2E7A97A917F04F8C1 /* Pods-CleanSwiftTests.release.xcconfig */,
				A15B2898DAA7EB840B1563CF /* Pods-CleanSwiftUITests.debug.xcconfig */,
				773CBBBCACE38C264460122B /* Pods-CleanSwiftUITests.release.xcconfig */,
			);
			path = Pods;
			sourceTree = "<group>";
		};
		48199C6522C8E6F400DAAE0B = {
			isa = PBXGroup;
			children = (
				48684C1022C8EBF600E17376 /* README.md */,
				48199C7022C8E6F400DAAE0B /* CleanSwift */,
				48199C8522C8E6F800DAAE0B /* CleanSwiftTests */,
				48199C6F22C8E6F400DAAE0B /* Products */,
				2A9DAEEA9876B6FDE33E25F4 /* Pods */,
				F6A5DC316996F41259F81C0A /* Frameworks */,
			);
			sourceTree = "<group>";
		};
		48199C6F22C8E6F400DAAE0B /* Products */ = {
			isa = PBXGroup;
			children = (
				48199C6E22C8E6F400DAAE0B /* CleanSwift.app */,
				48199C8222C8E6F800DAAE0B /* CleanSwiftTests.xctest */,
			);
			name = Products;
			sourceTree = "<group>";
		};
		48199C7022C8E6F400DAAE0B /* CleanSwift */ = {
			isa = PBXGroup;
			children = (
				48684C1222C8F0AC00E17376 /* UserList Scene */,
				48684C1F22C8F0D800E17376 /* UserDetail Scene */,
				48684C2E22CA151F00E17376 /* Network */,
				48684C3A22CA291F00E17376 /* Extensions */,
				48684C2D22C8F86300E17376 /* Resources */,
				48199C7122C8E6F400DAAE0B /* AppDelegate.swift */,
			);
			path = CleanSwift;
			sourceTree = "<group>";
		};
		48199C8522C8E6F800DAAE0B /* CleanSwiftTests */ = {
			isa = PBXGroup;
			children = (
				48199C8622C8E6F800DAAE0B /* CleanSwiftTests.swift */,
				48684C4822CA476E00E17376 /* NetworkManagerTest.swift */,
				48684C5122CA885500E17376 /* UniqueElementsTest.swift */,
				48684C5922CC06C100E17376 /* UserListWorkerTests.swift */,
				48199C8822C8E6F800DAAE0B /* Info.plist */,
				48684C5F22CC0F2B00E17376 /* MockResponse.swift */,
			);
			path = CleanSwiftTests;
			sourceTree = "<group>";
		};
		48684C1222C8F0AC00E17376 /* UserList Scene */ = {
			isa = PBXGroup;
			children = (
				48684C3122CA166900E17376 /* Views */,
				48684C1322C8F0CD00E17376 /* UserListPresenter.swift */,
				48684C1422C8F0CD00E17376 /* UserListWorker.swift */,
				48684C1522C8F0CD00E17376 /* UserListRouter.swift */,
				48684C1622C8F0CD00E17376 /* UserListModels.swift */,
				48684C1722C8F0CD00E17376 /* UserListViewController.swift */,
				48684C1822C8F0CD00E17376 /* UserListInteractor.swift */,
			);
			path = "UserList Scene";
			sourceTree = "<group>";
		};
		48684C1F22C8F0D800E17376 /* UserDetail Scene */ = {
			isa = PBXGroup;
			children = (
				48684C3222CA16BD00E17376 /* Views */,
				48684C2022C8F0F500E17376 /* UserDetailPresenter.swift */,
				48684C2122C8F0F500E17376 /* UserDetailWorker.swift */,
				48684C2222C8F0F500E17376 /* UserDetailRouter.swift */,
				48684C2322C8F0F500E17376 /* UserDetailModels.swift */,
				48684C2422C8F0F500E17376 /* UserDetailViewController.swift */,
				48684C2522C8F0F500E17376 /* UserDetailInteractor.swift */,
			);
			path = "UserDetail Scene";
			sourceTree = "<group>";
		};
		48684C2D22C8F86300E17376 /* Resources */ = {
			isa = PBXGroup;
			children = (
				48199C7D22C8E6F800DAAE0B /* Info.plist */,
				48199C7A22C8E6F800DAAE0B /* LaunchScreen.storyboard */,
				48199C7822C8E6F800DAAE0B /* Assets.xcassets */,
			);
			path = Resources;
			sourceTree = "<group>";
		};
		48684C2E22CA151F00E17376 /* Network */ = {
			isa = PBXGroup;
			children = (
				48684C3522CA191000E17376 /* Models */,
				48684C2F22CA157800E17376 /* NetworkManager.swift */,
				48684C3822CA271800E17376 /* EndpointConstants.swift */,
			);
			path = Network;
			sourceTree = "<group>";
		};
		48684C3122CA166900E17376 /* Views */ = {
			isa = PBXGroup;
			children = (
				48199C7522C8E6F400DAAE0B /* UserList.storyboard */,
				48684C4D22CA508800E17376 /* UserListTableViewCell.swift */,
			);
			path = Views;
			sourceTree = "<group>";
		};
		48684C3222CA16BD00E17376 /* Views */ = {
			isa = PBXGroup;
			children = (
				48684C3322CA16CD00E17376 /* UserDetail.storyboard */,
			);
			path = Views;
			sourceTree = "<group>";
		};
		48684C3522CA191000E17376 /* Models */ = {
			isa = PBXGroup;
			children = (
				48684C3622CA192400E17376 /* User.swift */,
				48684C4422CA415200E17376 /* Location.swift */,
				48684C4622CA46D400E17376 /* UserResponse.swift */,
			);
			path = Models;
			sourceTree = "<group>";
		};
		48684C3A22CA291F00E17376 /* Extensions */ = {
			isa = PBXGroup;
			children = (
				48684C3B22CA295E00E17376 /* DictionaryExtensions.swift */,
				48684C4F22CA84BD00E17376 /* SequenceExtensions.swift */,
			);
			path = Extensions;
			sourceTree = "<group>";
		};
		F6A5DC316996F41259F81C0A /* Frameworks */ = {
			isa = PBXGroup;
			children = (
				E255BEB8553889B5ACD4A201 /* Pods_CleanSwift.framework */,
				87782BFE574A279149FBAF6E /* Pods_CleanSwiftTests.framework */,
				807DC1AC06E32AC5D05083AB /* Pods_CleanSwiftUITests.framework */,
			);
			name = Frameworks;
			sourceTree = "<group>";
		};
/* End PBXGroup section */

/* Begin PBXNativeTarget section */
		48199C6D22C8E6F400DAAE0B /* CleanSwift */ = {
			isa = PBXNativeTarget;
			buildConfigurationList = 48199C9622C8E6F900DAAE0B /* Build configuration list for PBXNativeTarget "CleanSwift" */;
			buildPhases = (
				EF3D21F43AFFFFECF35DE04C /* [CP] Check Pods Manifest.lock */,
				48199C6A22C8E6F400DAAE0B /* Sources */,
				48199C6B22C8E6F400DAAE0B /* Frameworks */,
				48199C6C22C8E6F400DAAE0B /* Resources */,
				ECBC271F5A20A096CA224E13 /* [CP] Embed Pods Frameworks */,
			);
			buildRules = (
			);
			dependencies = (
			);
			name = CleanSwift;
			productName = CleanSwift;
			productReference = 48199C6E22C8E6F400DAAE0B /* CleanSwift.app */;
			productType = "com.apple.product-type.application";
		};
		48199C8122C8E6F800DAAE0B /* CleanSwiftTests */ = {
			isa = PBXNativeTarget;
			buildConfigurationList = 48199C9922C8E6F900DAAE0B /* Build configuration list for PBXNativeTarget "CleanSwiftTests" */;
			buildPhases = (
				E307B17CD14A25B345F5403B /* [CP] Check Pods Manifest.lock */,
				48199C7E22C8E6F800DAAE0B /* Sources */,
				48199C7F22C8E6F800DAAE0B /* Frameworks */,
				48199C8022C8E6F800DAAE0B /* Resources */,
			);
			buildRules = (
			);
			dependencies = (
				48199C8422C8E6F800DAAE0B /* PBXTargetDependency */,
			);
			name = CleanSwiftTests;
			productName = CleanSwiftTests;
			productReference = 48199C8222C8E6F800DAAE0B /* CleanSwiftTests.xctest */;
			productType = "com.apple.product-type.bundle.unit-test";
		};
/* End PBXNativeTarget section */

/* Begin PBXProject section */
		48199C6622C8E6F400DAAE0B /* Project object */ = {
			isa = PBXProject;
			attributes = {
				LastSwiftUpdateCheck = 1010;
				LastUpgradeCheck = 1010;
				ORGANIZATIONNAME = "Josep Escobar";
				TargetAttributes = {
					48199C6D22C8E6F400DAAE0B = {
						CreatedOnToolsVersion = 10.1;
					};
					48199C8122C8E6F800DAAE0B = {
						CreatedOnToolsVersion = 10.1;
						TestTargetID = 48199C6D22C8E6F400DAAE0B;
					};
				};
			};
			buildConfigurationList = 48199C6922C8E6F400DAAE0B /* Build configuration list for PBXProject "CleanSwift" */;
			compatibilityVersion = "Xcode 9.3";
			developmentRegion = en;
			hasScannedForEncodings = 0;
			knownRegions = (
				en,
				Base,
			);
			mainGroup = 48199C6522C8E6F400DAAE0B;
			productRefGroup = 48199C6F22C8E6F400DAAE0B /* Products */;
			projectDirPath = "";
			projectRoot = "";
			targets = (
				48199C6D22C8E6F400DAAE0B /* CleanSwift */,
				48199C8122C8E6F800DAAE0B /* CleanSwiftTests */,
			);
		};
/* End PBXProject section */

/* Begin PBXResourcesBuildPhase section */
		48199C6C22C8E6F400DAAE0B /* Resources */ = {
			isa = PBXResourcesBuildPhase;
			buildActionMask = 2147483647;
			files = (
				48684C1122C8EBF600E17376 /* README.md in Resources */,
				48199C7C22C8E6F800DAAE0B /* LaunchScreen.storyboard in Resources */,
				48684C3422CA16CD00E17376 /* UserDetail.storyboard in Resources */,
				48199C7922C8E6F800DAAE0B /* Assets.xcassets in Resources */,
				48199C7722C8E6F400DAAE0B /* UserList.storyboard in Resources */,
			);
			runOnlyForDeploymentPostprocessing = 0;
		};
		48199C8022C8E6F800DAAE0B /* Resources */ = {
			isa = PBXResourcesBuildPhase;
			buildActionMask = 2147483647;
			files = (
			);
			runOnlyForDeploymentPostprocessing = 0;
		};
/* End PBXResourcesBuildPhase section */

/* Begin PBXShellScriptBuildPhase section */
		E307B17CD14A25B345F5403B /* [CP] Check Pods Manifest.lock */ = {
			isa = PBXShellScriptBuildPhase;
			buildActionMask = 2147483647;
			files = (
			);
			inputFileListPaths = (
			);
			inputPaths = (
				"${PODS_PODFILE_DIR_PATH}/Podfile.lock",
				"${PODS_ROOT}/Manifest.lock",
			);
			name = "[CP] Check Pods Manifest.lock";
			outputFileListPaths = (
			);
			outputPaths = (
				"$(DERIVED_FILE_DIR)/Pods-CleanSwiftTests-checkManifestLockResult.txt",
			);
			runOnlyForDeploymentPostprocessing = 0;
			shellPath = /bin/sh;
			shellScript = "diff \"${PODS_PODFILE_DIR_PATH}/Podfile.lock\" \"${PODS_ROOT}/Manifest.lock\" > /dev/null\nif [ $? != 0 ] ; then\n    # print error to STDERR\n    echo \"error: The sandbox is not in sync with the Podfile.lock. Run 'pod install' or update your CocoaPods installation.\" >&2\n    exit 1\nfi\n# This output is used by Xcode 'outputs' to avoid re-running this script phase.\necho \"SUCCESS\" > \"${SCRIPT_OUTPUT_FILE_0}\"\n";
			showEnvVarsInLog = 0;
		};
		ECBC271F5A20A096CA224E13 /* [CP] Embed Pods Frameworks */ = {
			isa = PBXShellScriptBuildPhase;
			buildActionMask = 2147483647;
			files = (
			);
			inputFileListPaths = (
			);
			inputPaths = (
				"${PODS_ROOT}/Target Support Files/Pods-CleanSwift/Pods-CleanSwift-frameworks.sh",
				"${BUILT_PRODUCTS_DIR}/Kingfisher/Kingfisher.framework",
				"${BUILT_PRODUCTS_DIR}/SVProgressHUD/SVProgressHUD.framework",
			);
			name = "[CP] Embed Pods Frameworks";
			outputFileListPaths = (
			);
			outputPaths = (
				"${TARGET_BUILD_DIR}/${FRAMEWORKS_FOLDER_PATH}/Kingfisher.framework",
				"${TARGET_BUILD_DIR}/${FRAMEWORKS_FOLDER_PATH}/SVProgressHUD.framework",
			);
			runOnlyForDeploymentPostprocessing = 0;
			shellPath = /bin/sh;
			shellScript = "\"${PODS_ROOT}/Target Support Files/Pods-CleanSwift/Pods-CleanSwift-frameworks.sh\"\n";
			showEnvVarsInLog = 0;
		};
		EF3D21F43AFFFFECF35DE04C /* [CP] Check Pods Manifest.lock */ = {
			isa = PBXShellScriptBuildPhase;
			buildActionMask = 2147483647;
			files = (
			);
			inputFileListPaths = (
			);
			inputPaths = (
				"${PODS_PODFILE_DIR_PATH}/Podfile.lock",
				"${PODS_ROOT}/Manifest.lock",
			);
			name = "[CP] Check Pods Manifest.lock";
			outputFileListPaths = (
			);
			outputPaths = (
				"$(DERIVED_FILE_DIR)/Pods-CleanSwift-checkManifestLockResult.txt",
			);
			runOnlyForDeploymentPostprocessing = 0;
			shellPath = /bin/sh;
			shellScript = "diff \"${PODS_PODFILE_DIR_PATH}/Podfile.lock\" \"${PODS_ROOT}/Manifest.lock\" > /dev/null\nif [ $? != 0 ] ; then\n    # print error to STDERR\n    echo \"error: The sandbox is not in sync with the Podfile.lock. Run 'pod install' or update your CocoaPods installation.\" >&2\n    exit 1\nfi\n# This output is used by Xcode 'outputs' to avoid re-running this script phase.\necho \"SUCCESS\" > \"${SCRIPT_OUTPUT_FILE_0}\"\n";
			showEnvVarsInLog = 0;
		};
/* End PBXShellScriptBuildPhase section */

/* Begin PBXSourcesBuildPhase section */
		48199C6A22C8E6F400DAAE0B /* Sources */ = {
			isa = PBXSourcesBuildPhase;
			buildActionMask = 2147483647;
			files = (
				48684C4E22CA508800E17376 /* UserListTableViewCell.swift in Sources */,
				48684C1D22C8F0CD00E17376 /* UserListViewController.swift in Sources */,
				48684C2722C8F0F500E17376 /* UserDetailWorker.swift in Sources */,
				48684C2B22C8F0F500E17376 /* UserDetailInteractor.swift in Sources */,
				48684C2A22C8F0F500E17376 /* UserDetailViewController.swift in Sources */,
				48684C4522CA415200E17376 /* Location.swift in Sources */,
				48684C1E22C8F0CD00E17376 /* UserListInteractor.swift in Sources */,
				48684C3922CA271800E17376 /* EndpointConstants.swift in Sources */,
				48684C1C22C8F0CD00E17376 /* UserListModels.swift in Sources */,
				48684C1A22C8F0CD00E17376 /* UserListWorker.swift in Sources */,
				48684C1922C8F0CD00E17376 /* UserListPresenter.swift in Sources */,
				48684C3722CA192400E17376 /* User.swift in Sources */,
				48684C3C22CA295E00E17376 /* DictionaryExtensions.swift in Sources */,
				48684C2822C8F0F500E17376 /* UserDetailRouter.swift in Sources */,
				48684C4722CA46D400E17376 /* UserResponse.swift in Sources */,
				48684C3022CA157800E17376 /* NetworkManager.swift in Sources */,
				48684C5022CA84BD00E17376 /* SequenceExtensions.swift in Sources */,
				48684C2622C8F0F500E17376 /* UserDetailPresenter.swift in Sources */,
				48199C7222C8E6F400DAAE0B /* AppDelegate.swift in Sources */,
				48684C1B22C8F0CD00E17376 /* UserListRouter.swift in Sources */,
				48684C2922C8F0F500E17376 /* UserDetailModels.swift in Sources */,
			);
			runOnlyForDeploymentPostprocessing = 0;
		};
		48199C7E22C8E6F800DAAE0B /* Sources */ = {
			isa = PBXSourcesBuildPhase;
			buildActionMask = 2147483647;
			files = (
				48684C5D22CC06C100E17376 /* UserListWorkerTests.swift in Sources */,
				48684C4022CA2C7E00E17376 /* User.swift in Sources */,
				48684C5322CA89B100E17376 /* SequenceExtensions.swift in Sources */,
				48684C3F22CA2BCD00E17376 /* NetworkManager.swift in Sources */,
				48684C4122CA2C8200E17376 /* EndpointConstants.swift in Sources */,
				48684C4922CA476E00E17376 /* NetworkManagerTest.swift in Sources */,
				48684C6022CC0F2B00E17376 /* MockResponse.swift in Sources */,
				48199C8722C8E6F800DAAE0B /* CleanSwiftTests.swift in Sources */,
				48684C5622CC068200E17376 /* UserListWorker.swift in Sources */,
				48684C4A22CA47BC00E17376 /* UserResponse.swift in Sources */,
				48684C4B22CA47C000E17376 /* Location.swift in Sources */,
				48684C5222CA885500E17376 /* UniqueElementsTest.swift in Sources */,
			);
			runOnlyForDeploymentPostprocessing = 0;
		};
/* End PBXSourcesBuildPhase section */

/* Begin PBXTargetDependency section */
		48199C8422C8E6F800DAAE0B /* PBXTargetDependency */ = {
			isa = PBXTargetDependency;
			target = 48199C6D22C8E6F400DAAE0B /* CleanSwift */;
			targetProxy = 48199C8322C8E6F800DAAE0B /* PBXContainerItemProxy */;
		};
/* End PBXTargetDependency section */

/* Begin PBXVariantGroup section */
		48199C7522C8E6F400DAAE0B /* UserList.storyboard */ = {
			isa = PBXVariantGroup;
			children = (
				48199C7622C8E6F400DAAE0B /* Base */,
			);
			name = UserList.storyboard;
			sourceTree = "<group>";
		};
		48199C7A22C8E6F800DAAE0B /* LaunchScreen.storyboard */ = {
			isa = PBXVariantGroup;
			children = (
				48199C7B22C8E6F800DAAE0B /* Base */,
			);
			name = LaunchScreen.storyboard;
			sourceTree = "<group>";
		};
/* End PBXVariantGroup section */

/* Begin XCBuildConfiguration section */
		48199C9422C8E6F900DAAE0B /* Debug */ = {
			isa = XCBuildConfiguration;
			buildSettings = {
				ALWAYS_SEARCH_USER_PATHS = NO;
				CLANG_ANALYZER_NONNULL = YES;
				CLANG_ANALYZER_NUMBER_OBJECT_CONVERSION = YES_AGGRESSIVE;
				CLANG_CXX_LANGUAGE_STANDARD = "gnu++14";
				CLANG_CXX_LIBRARY = "libc++";
				CLANG_ENABLE_MODULES = YES;
				CLANG_ENABLE_OBJC_ARC = YES;
				CLANG_ENABLE_OBJC_WEAK = YES;
				CLANG_WARN_BLOCK_CAPTURE_AUTORELEASING = YES;
				CLANG_WARN_BOOL_CONVERSION = YES;
				CLANG_WARN_COMMA = YES;
				CLANG_WARN_CONSTANT_CONVERSION = YES;
				CLANG_WARN_DEPRECATED_OBJC_IMPLEMENTATIONS = YES;
				CLANG_WARN_DIRECT_OBJC_ISA_USAGE = YES_ERROR;
				CLANG_WARN_DOCUMENTATION_COMMENTS = YES;
				CLANG_WARN_EMPTY_BODY = YES;
				CLANG_WARN_ENUM_CONVERSION = YES;
				CLANG_WARN_INFINITE_RECURSION = YES;
				CLANG_WARN_INT_CONVERSION = YES;
				CLANG_WARN_NON_LITERAL_NULL_CONVERSION = YES;
				CLANG_WARN_OBJC_IMPLICIT_RETAIN_SELF = YES;
				CLANG_WARN_OBJC_LITERAL_CONVERSION = YES;
				CLANG_WARN_OBJC_ROOT_CLASS = YES_ERROR;
				CLANG_WARN_RANGE_LOOP_ANALYSIS = YES;
				CLANG_WARN_STRICT_PROTOTYPES = YES;
				CLANG_WARN_SUSPICIOUS_MOVE = YES;
				CLANG_WARN_UNGUARDED_AVAILABILITY = YES_AGGRESSIVE;
				CLANG_WARN_UNREACHABLE_CODE = YES;
				CLANG_WARN__DUPLICATE_METHOD_MATCH = YES;
				CODE_SIGN_IDENTITY = "iPhone Developer";
				COPY_PHASE_STRIP = NO;
				DEBUG_INFORMATION_FORMAT = dwarf;
				ENABLE_STRICT_OBJC_MSGSEND = YES;
				ENABLE_TESTABILITY = YES;
				GCC_C_LANGUAGE_STANDARD = gnu11;
				GCC_DYNAMIC_NO_PIC = NO;
				GCC_NO_COMMON_BLOCKS = YES;
				GCC_OPTIMIZATION_LEVEL = 0;
				GCC_PREPROCESSOR_DEFINITIONS = (
					"DEBUG=1",
					"$(inherited)",
				);
				GCC_WARN_64_TO_32_BIT_CONVERSION = YES;
				GCC_WARN_ABOUT_RETURN_TYPE = YES_ERROR;
				GCC_WARN_UNDECLARED_SELECTOR = YES;
				GCC_WARN_UNINITIALIZED_AUTOS = YES_AGGRESSIVE;
				GCC_WARN_UNUSED_FUNCTION = YES;
				GCC_WARN_UNUSED_VARIABLE = YES;
				IPHONEOS_DEPLOYMENT_TARGET = 12.1;
				MTL_ENABLE_DEBUG_INFO = INCLUDE_SOURCE;
				MTL_FAST_MATH = YES;
				ONLY_ACTIVE_ARCH = YES;
				SDKROOT = iphoneos;
				SWIFT_ACTIVE_COMPILATION_CONDITIONS = DEBUG;
				SWIFT_OPTIMIZATION_LEVEL = "-Onone";
			};
			name = Debug;
		};
		48199C9522C8E6F900DAAE0B /* Release */ = {
			isa = XCBuildConfiguration;
			buildSettings = {
				ALWAYS_SEARCH_USER_PATHS = NO;
				CLANG_ANALYZER_NONNULL = YES;
				CLANG_ANALYZER_NUMBER_OBJECT_CONVERSION = YES_AGGRESSIVE;
				CLANG_CXX_LANGUAGE_STANDARD = "gnu++14";
				CLANG_CXX_LIBRARY = "libc++";
				CLANG_ENABLE_MODULES = YES;
				CLANG_ENABLE_OBJC_ARC = YES;
				CLANG_ENABLE_OBJC_WEAK = YES;
				CLANG_WARN_BLOCK_CAPTURE_AUTORELEASING = YES;
				CLANG_WARN_BOOL_CONVERSION = YES;
				CLANG_WARN_COMMA = YES;
				CLANG_WARN_CONSTANT_CONVERSION = YES;
				CLANG_WARN_DEPRECATED_OBJC_IMPLEMENTATIONS = YES;
				CLANG_WARN_DIRECT_OBJC_ISA_USAGE = YES_ERROR;
				CLANG_WARN_DOCUMENTATION_COMMENTS = YES;
				CLANG_WARN_EMPTY_BODY = YES;
				CLANG_WARN_ENUM_CONVERSION = YES;
				CLANG_WARN_INFINITE_RECURSION = YES;
				CLANG_WARN_INT_CONVERSION = YES;
				CLANG_WARN_NON_LITERAL_NULL_CONVERSION = YES;
				CLANG_WARN_OBJC_IMPLICIT_RETAIN_SELF = YES;
				CLANG_WARN_OBJC_LITERAL_CONVERSION = YES;
				CLANG_WARN_OBJC_ROOT_CLASS = YES_ERROR;
				CLANG_WARN_RANGE_LOOP_ANALYSIS = YES;
				CLANG_WARN_STRICT_PROTOTYPES = YES;
				CLANG_WARN_SUSPICIOUS_MOVE = YES;
				CLANG_WARN_UNGUARDED_AVAILABILITY = YES_AGGRESSIVE;
				CLANG_WARN_UNREACHABLE_CODE = YES;
				CLANG_WARN__DUPLICATE_METHOD_MATCH = YES;
				CODE_SIGN_IDENTITY = "iPhone Developer";
				COPY_PHASE_STRIP = NO;
				DEBUG_INFORMATION_FORMAT = "dwarf-with-dsym";
				ENABLE_NS_ASSERTIONS = NO;
				ENABLE_STRICT_OBJC_MSGSEND = YES;
				GCC_C_LANGUAGE_STANDARD = gnu11;
				GCC_NO_COMMON_BLOCKS = YES;
				GCC_WARN_64_TO_32_BIT_CONVERSION = YES;
				GCC_WARN_ABOUT_RETURN_TYPE = YES_ERROR;
				GCC_WARN_UNDECLARED_SELECTOR = YES;
				GCC_WARN_UNINITIALIZED_AUTOS = YES_AGGRESSIVE;
				GCC_WARN_UNUSED_FUNCTION = YES;
				GCC_WARN_UNUSED_VARIABLE = YES;
				IPHONEOS_DEPLOYMENT_TARGET = 12.1;
				MTL_ENABLE_DEBUG_INFO = NO;
				MTL_FAST_MATH = YES;
				SDKROOT = iphoneos;
				SWIFT_COMPILATION_MODE = wholemodule;
				SWIFT_OPTIMIZATION_LEVEL = "-O";
				VALIDATE_PRODUCT = YES;
			};
			name = Release;
		};
		48199C9722C8E6F900DAAE0B /* Debug */ = {
			isa = XCBuildConfiguration;
			baseConfigurationReference = 6650DC86DE43A45D8111FC4E /* Pods-CleanSwift.debug.xcconfig */;
			buildSettings = {
				ASSETCATALOG_COMPILER_APPICON_NAME = AppIcon;
				CODE_SIGN_IDENTITY = "iPhone Developer";
				CODE_SIGN_STYLE = Automatic;
				DEVELOPMENT_TEAM = DQZ7G5MLVC;
				INFOPLIST_FILE = CleanSwift/Resources/Info.plist;
				LD_RUNPATH_SEARCH_PATHS = (
					"$(inherited)",
					"@executable_path/Frameworks",
				);
				PRODUCT_BUNDLE_IDENTIFIER = com.josepescobar.CleanSwift;
				PRODUCT_NAME = "$(TARGET_NAME)";
				PROVISIONING_PROFILE_SPECIFIER = "";
				SWIFT_VERSION = 4.2;
				TARGETED_DEVICE_FAMILY = "1,2";
			};
			name = Debug;
		};
		48199C9822C8E6F900DAAE0B /* Release */ = {
			isa = XCBuildConfiguration;
			baseConfigurationReference = 0D3DC98AED9E84DDB52B4C3E /* Pods-CleanSwift.release.xcconfig */;
			buildSettings = {
				ASSETCATALOG_COMPILER_APPICON_NAME = AppIcon;
				CODE_SIGN_IDENTITY = "iPhone Developer";
				CODE_SIGN_STYLE = Automatic;
				DEVELOPMENT_TEAM = DQZ7G5MLVC;
				INFOPLIST_FILE = CleanSwift/Resources/Info.plist;
				LD_RUNPATH_SEARCH_PATHS = (
					"$(inherited)",
					"@executable_path/Frameworks",
				);
				PRODUCT_BUNDLE_IDENTIFIER = com.josepescobar.CleanSwift;
				PRODUCT_NAME = "$(TARGET_NAME)";
				PROVISIONING_PROFILE_SPECIFIER = "";
				SWIFT_VERSION = 4.2;
				TARGETED_DEVICE_FAMILY = "1,2";
			};
			name = Release;
		};
		48199C9A22C8E6F900DAAE0B /* Debug */ = {
			isa = XCBuildConfiguration;
			baseConfigurationReference = 682DA60B976489F46656B086 /* Pods-CleanSwiftTests.debug.xcconfig */;
			buildSettings = {
				ALWAYS_EMBED_SWIFT_STANDARD_LIBRARIES = YES;
				BUNDLE_LOADER = "$(TEST_HOST)";
				CODE_SIGN_STYLE = Automatic;
				INFOPLIST_FILE = CleanSwiftTests/Info.plist;
				LD_RUNPATH_SEARCH_PATHS = (
					"$(inherited)",
					"@executable_path/Frameworks",
					"@loader_path/Frameworks",
				);
				PRODUCT_BUNDLE_IDENTIFIER = com.josepescobar.CleanSwiftTests;
				PRODUCT_NAME = "$(TARGET_NAME)";
				SWIFT_VERSION = 4.2;
				TARGETED_DEVICE_FAMILY = "1,2";
				TEST_HOST = "$(BUILT_PRODUCTS_DIR)/CleanSwift.app/CleanSwift";
			};
			name = Debug;
		};
		48199C9B22C8E6F900DAAE0B /* Release */ = {
			isa = XCBuildConfiguration;
			baseConfigurationReference = E87EADD2E7A97A917F04F8C1 /* Pods-CleanSwiftTests.release.xcconfig */;
			buildSettings = {
				ALWAYS_EMBED_SWIFT_STANDARD_LIBRARIES = YES;
				BUNDLE_LOADER = "$(TEST_HOST)";
				CODE_SIGN_STYLE = Automatic;
				INFOPLIST_FILE = CleanSwiftTests/Info.plist;
				LD_RUNPATH_SEARCH_PATHS = (
					"$(inherited)",
					"@executable_path/Frameworks",
					"@loader_path/Frameworks",
				);
				PRODUCT_BUNDLE_IDENTIFIER = com.josepescobar.CleanSwiftTests;
				PRODUCT_NAME = "$(TARGET_NAME)";
				SWIFT_VERSION = 4.2;
				TARGETED_DEVICE_FAMILY = "1,2";
				TEST_HOST = "$(BUILT_PRODUCTS_DIR)/CleanSwift.app/CleanSwift";
			};
			name = Release;
		};
/* End XCBuildConfiguration section */

/* Begin XCConfigurationList section */
		48199C6922C8E6F400DAAE0B /* Build configuration list for PBXProject "CleanSwift" */ = {
			isa = XCConfigurationList;
			buildConfigurations = (
				48199C9422C8E6F900DAAE0B /* Debug */,
				48199C9522C8E6F900DAAE0B /* Release */,
			);
			defaultConfigurationIsVisible = 0;
			defaultConfigurationName = Release;
		};
		48199C9622C8E6F900DAAE0B /* Build configuration list for PBXNativeTarget "CleanSwift" */ = {
			isa = XCConfigurationList;
			buildConfigurations = (
				48199C9722C8E6F900DAAE0B /* Debug */,
				48199C9822C8E6F900DAAE0B /* Release */,
			);
			defaultConfigurationIsVisible = 0;
			defaultConfigurationName = Release;
		};
		48199C9922C8E6F900DAAE0B /* Build configuration list for PBXNativeTarget "CleanSwiftTests" */ = {
			isa = XCConfigurationList;
			buildConfigurations = (
				48199C9A22C8E6F900DAAE0B /* Debug */,
				48199C9B22C8E6F900DAAE0B /* Release */,
			);
			defaultConfigurationIsVisible = 0;
			defaultConfigurationName = Release;
		};
/* End XCConfigurationList section */
	};
	rootObject = 48199C6622C8E6F400DAAE0B /* Project object */;
}
